// !$*UTF8*$!
{
	archiveVersion = 1;
	classes = {
	};
	objectVersion = 46;
	objects = {

/* Begin PBXBuildFile section */
		52B7D25C9C43803412482FE0 /* Pods_MedReminder.framework in Frameworks */ = {isa = PBXBuildFile; fileRef = 97ABACDA2DF581F2844653B7 /* Pods_MedReminder.framework */; };
		D302A6181E46145D00286564 /* NewReminderManager.swift in Sources */ = {isa = PBXBuildFile; fileRef = D302A6151E46145D00286564 /* NewReminderManager.swift */; };
		D302A6191E46145D00286564 /* NewReminderManagerBridge.m in Sources */ = {isa = PBXBuildFile; fileRef = D302A6161E46145D00286564 /* NewReminderManagerBridge.m */; };
		D302A62A1E465F5D00286564 /* NewReminderViewController.swift in Sources */ = {isa = PBXBuildFile; fileRef = D302A6291E465F5D00286564 /* NewReminderViewController.swift */; };
		D35245351E46A1CE0045A905 /* ReminderCell.swift in Sources */ = {isa = PBXBuildFile; fileRef = D35245331E46A1CE0045A905 /* ReminderCell.swift */; };
		D35245361E46A1CE0045A905 /* ReminderCell.xib in Resources */ = {isa = PBXBuildFile; fileRef = D35245341E46A1CE0045A905 /* ReminderCell.xib */; };
		D352453C1E4743910045A905 /* DataService.swift in Sources */ = {isa = PBXBuildFile; fileRef = D352453B1E4743910045A905 /* DataService.swift */; };
		D352453E1E47520B0045A905 /* Reminder.swift in Sources */ = {isa = PBXBuildFile; fileRef = D352453D1E47520B0045A905 /* Reminder.swift */; };
		D35245421E47D67A0045A905 /* MedicationCell.swift in Sources */ = {isa = PBXBuildFile; fileRef = D35245411E47D67A0045A905 /* MedicationCell.swift */; };
		D35245461E47E8100045A905 /* UIColor.swift in Sources */ = {isa = PBXBuildFile; fileRef = D35245451E47E8100045A905 /* UIColor.swift */; };
		D35245481E47ECA10045A905 /* WeekDays.plist in Resources */ = {isa = PBXBuildFile; fileRef = D35245471E47ECA10045A905 /* WeekDays.plist */; };
		D352454A1E48671C0045A905 /* MedicationCell.xib in Resources */ = {isa = PBXBuildFile; fileRef = D35245491E48671C0045A905 /* MedicationCell.xib */; };
		D3632CA41E4608A900F31099 /* AppDelegate.swift in Sources */ = {isa = PBXBuildFile; fileRef = D3632CA31E4608A900F31099 /* AppDelegate.swift */; };
		D3632CA61E4608A900F31099 /* RemindersViewController.swift in Sources */ = {isa = PBXBuildFile; fileRef = D3632CA51E4608A900F31099 /* RemindersViewController.swift */; };
		D3632CA81E4608A900F31099 /* MedicationsViewController.swift in Sources */ = {isa = PBXBuildFile; fileRef = D3632CA71E4608A900F31099 /* MedicationsViewController.swift */; };
		D3632CAB1E4608A900F31099 /* Main.storyboard in Resources */ = {isa = PBXBuildFile; fileRef = D3632CA91E4608A900F31099 /* Main.storyboard */; };
		D3632CAD1E4608A900F31099 /* Assets.xcassets in Resources */ = {isa = PBXBuildFile; fileRef = D3632CAC1E4608A900F31099 /* Assets.xcassets */; };
		D3632CB01E4608A900F31099 /* LaunchScreen.storyboard in Resources */ = {isa = PBXBuildFile; fileRef = D3632CAE1E4608A900F31099 /* LaunchScreen.storyboard */; };
		D3632CB81E460A4700F31099 /* LoginViewController.swift in Sources */ = {isa = PBXBuildFile; fileRef = D3632CB71E460A4700F31099 /* LoginViewController.swift */; };
		D3632CBA1E460BAD00F31099 /* GoogleService-Info.plist in Resources */ = {isa = PBXBuildFile; fileRef = D3632CB91E460BAD00F31099 /* GoogleService-Info.plist */; };
		D3632CBC1E460FB300F31099 /* MedReminderReactModule.swift in Sources */ = {isa = PBXBuildFile; fileRef = D3632CBB1E460FB300F31099 /* MedReminderReactModule.swift */; };
/* End PBXBuildFile section */

/* Begin PBXFileReference section */
		8484209F3A54F77ECBB467D6 /* Pods-MedReminder.debug.xcconfig */ = {isa = PBXFileReference; includeInIndex = 1; lastKnownFileType = text.xcconfig; name = "Pods-MedReminder.debug.xcconfig"; path = "Pods/Target Support Files/Pods-MedReminder/Pods-MedReminder.debug.xcconfig"; sourceTree = "<group>"; };
		8F6674A1F0E905D0ECDA1F8E /* Pods-MedReminder.release.xcconfig */ = {isa = PBXFileReference; includeInIndex = 1; lastKnownFileType = text.xcconfig; name = "Pods-MedReminder.release.xcconfig"; path = "Pods/Target Support Files/Pods-MedReminder/Pods-MedReminder.release.xcconfig"; sourceTree = "<group>"; };
		97ABACDA2DF581F2844653B7 /* Pods_MedReminder.framework */ = {isa = PBXFileReference; explicitFileType = wrapper.framework; includeInIndex = 0; path = Pods_MedReminder.framework; sourceTree = BUILT_PRODUCTS_DIR; };
		D302A6151E46145D00286564 /* NewReminderManager.swift */ = {isa = PBXFileReference; fileEncoding = 4; lastKnownFileType = sourcecode.swift; path = NewReminderManager.swift; sourceTree = "<group>"; };
		D302A6161E46145D00286564 /* NewReminderManagerBridge.m */ = {isa = PBXFileReference; fileEncoding = 4; lastKnownFileType = sourcecode.c.objc; path = NewReminderManagerBridge.m; sourceTree = "<group>"; };
		D302A6291E465F5D00286564 /* NewReminderViewController.swift */ = {isa = PBXFileReference; fileEncoding = 4; lastKnownFileType = sourcecode.swift; path = NewReminderViewController.swift; sourceTree = "<group>"; };
		D35245331E46A1CE0045A905 /* ReminderCell.swift */ = {isa = PBXFileReference; fileEncoding = 4; lastKnownFileType = sourcecode.swift; path = ReminderCell.swift; sourceTree = "<group>"; };
		D35245341E46A1CE0045A905 /* ReminderCell.xib */ = {isa = PBXFileReference; fileEncoding = 4; lastKnownFileType = file.xib; path = ReminderCell.xib; sourceTree = "<group>"; };
		D352453B1E4743910045A905 /* DataService.swift */ = {isa = PBXFileReference; fileEncoding = 4; lastKnownFileType = sourcecode.swift; path = DataService.swift; sourceTree = "<group>"; };
		D352453D1E47520B0045A905 /* Reminder.swift */ = {isa = PBXFileReference; fileEncoding = 4; lastKnownFileType = sourcecode.swift; path = Reminder.swift; sourceTree = "<group>"; };
		D35245411E47D67A0045A905 /* MedicationCell.swift */ = {isa = PBXFileReference; fileEncoding = 4; lastKnownFileType = sourcecode.swift; path = MedicationCell.swift; sourceTree = "<group>"; };
		D35245451E47E8100045A905 /* UIColor.swift */ = {isa = PBXFileReference; fileEncoding = 4; lastKnownFileType = sourcecode.swift; path = UIColor.swift; sourceTree = "<group>"; };
		D35245471E47ECA10045A905 /* WeekDays.plist */ = {isa = PBXFileReference; fileEncoding = 4; lastKnownFileType = text.plist.xml; path = WeekDays.plist; sourceTree = "<group>"; };
		D35245491E48671C0045A905 /* MedicationCell.xib */ = {isa = PBXFileReference; fileEncoding = 4; lastKnownFileType = file.xib; path = MedicationCell.xib; sourceTree = "<group>"; };
		D3632CA01E4608A900F31099 /* MedReminder.app */ = {isa = PBXFileReference; explicitFileType = wrapper.application; includeInIndex = 0; path = MedReminder.app; sourceTree = BUILT_PRODUCTS_DIR; };
		D3632CA31E4608A900F31099 /* AppDelegate.swift */ = {isa = PBXFileReference; lastKnownFileType = sourcecode.swift; path = AppDelegate.swift; sourceTree = "<group>"; };
		D3632CA51E4608A900F31099 /* RemindersViewController.swift */ = {isa = PBXFileReference; lastKnownFileType = sourcecode.swift; path = RemindersViewController.swift; sourceTree = "<group>"; };
		D3632CA71E4608A900F31099 /* MedicationsViewController.swift */ = {isa = PBXFileReference; lastKnownFileType = sourcecode.swift; path = MedicationsViewController.swift; sourceTree = "<group>"; };
		D3632CAA1E4608A900F31099 /* Base */ = {isa = PBXFileReference; lastKnownFileType = file.storyboard; name = Base; path = Base.lproj/Main.storyboard; sourceTree = "<group>"; };
		D3632CAC1E4608A900F31099 /* Assets.xcassets */ = {isa = PBXFileReference; lastKnownFileType = folder.assetcatalog; path = Assets.xcassets; sourceTree = "<group>"; };
		D3632CAF1E4608A900F31099 /* Base */ = {isa = PBXFileReference; lastKnownFileType = file.storyboard; name = Base; path = Base.lproj/LaunchScreen.storyboard; sourceTree = "<group>"; };
		D3632CB11E4608A900F31099 /* Info.plist */ = {isa = PBXFileReference; lastKnownFileType = text.plist.xml; path = Info.plist; sourceTree = "<group>"; };
		D3632CB71E460A4700F31099 /* LoginViewController.swift */ = {isa = PBXFileReference; fileEncoding = 4; lastKnownFileType = sourcecode.swift; path = LoginViewController.swift; sourceTree = "<group>"; };
		D3632CB91E460BAD00F31099 /* GoogleService-Info.plist */ = {isa = PBXFileReference; fileEncoding = 4; lastKnownFileType = text.plist.xml; path = "GoogleService-Info.plist"; sourceTree = "<group>"; };
		D3632CBB1E460FB300F31099 /* MedReminderReactModule.swift */ = {isa = PBXFileReference; fileEncoding = 4; lastKnownFileType = sourcecode.swift; path = MedReminderReactModule.swift; sourceTree = "<group>"; };
		D3D4705E1E48841F00665719 /* MedReminder-Bridging-Header.h */ = {isa = PBXFileReference; fileEncoding = 4; lastKnownFileType = sourcecode.c.h; path = "MedReminder-Bridging-Header.h"; sourceTree = "<group>"; };
		D3D470751E4886FA00665719 /* React.framework */ = {isa = PBXFileReference; lastKnownFileType = wrapper.framework; name = React.framework; path = "../../Library/Developer/Xcode/DerivedData/MedReminder-fwwiutrberirrsctimwprtkzevuy/Build/Products/Debug-iphonesimulator/React/React.framework"; sourceTree = "<group>"; };
/* End PBXFileReference section */

/* Begin PBXFrameworksBuildPhase section */
		D3632C9D1E4608A900F31099 /* Frameworks */ = {
			isa = PBXFrameworksBuildPhase;
			buildActionMask = 2147483647;
			files = (
				52B7D25C9C43803412482FE0 /* Pods_MedReminder.framework in Frameworks */,
			);
			runOnlyForDeploymentPostprocessing = 0;
		};
/* End PBXFrameworksBuildPhase section */

/* Begin PBXGroup section */
		1F8B4D9EB434CB3E5A238A0C /* Frameworks */ = {
			isa = PBXGroup;
			children = (
				D3D470751E4886FA00665719 /* React.framework */,
				97ABACDA2DF581F2844653B7 /* Pods_MedReminder.framework */,
			);
			name = Frameworks;
			sourceTree = "<group>";
		};
		631D9DA4F186F19E64304913 /* Pods */ = {
			isa = PBXGroup;
			children = (
				8484209F3A54F77ECBB467D6 /* Pods-MedReminder.debug.xcconfig */,
				8F6674A1F0E905D0ECDA1F8E /* Pods-MedReminder.release.xcconfig */,
			);
			name = Pods;
			sourceTree = "<group>";
		};
		D352453F1E4752140045A905 /* Model */ = {
			isa = PBXGroup;
			children = (
				D352453D1E47520B0045A905 /* Reminder.swift */,
			);
			name = Model;
			sourceTree = "<group>";
		};
		D35245401E47D6470045A905 /* Medications */ = {
			isa = PBXGroup;
			children = (
				D35245411E47D67A0045A905 /* MedicationCell.swift */,
				D35245491E48671C0045A905 /* MedicationCell.xib */,
				D3632CA71E4608A900F31099 /* MedicationsViewController.swift */,
			);
			name = Medications;
			sourceTree = "<group>";
		};
		D3632C971E4608A900F31099 = {
			isa = PBXGroup;
			children = (
				D3632CA21E4608A900F31099 /* MedReminder */,
				D3632CA11E4608A900F31099 /* Products */,
				631D9DA4F186F19E64304913 /* Pods */,
				1F8B4D9EB434CB3E5A238A0C /* Frameworks */,
			);
			sourceTree = "<group>";
		};
		D3632CA11E4608A900F31099 /* Products */ = {
			isa = PBXGroup;
			children = (
				D3632CA01E4608A900F31099 /* MedReminder.app */,
			);
			name = Products;
			sourceTree = "<group>";
		};
		D3632CA21E4608A900F31099 /* MedReminder */ = {
			isa = PBXGroup;
			children = (
				D3632CA31E4608A900F31099 /* AppDelegate.swift */,
				D3632CB71E460A4700F31099 /* LoginViewController.swift */,
				D352453B1E4743910045A905 /* DataService.swift */,
				D35245451E47E8100045A905 /* UIColor.swift */,
				D352453F1E4752140045A905 /* Model */,
				D3C920D91E469C6D00764435 /* Reminders */,
				D35245401E47D6470045A905 /* Medications */,
				D3C920DA1E469C8000764435 /* NewReminder */,
				D3632CA91E4608A900F31099 /* Main.storyboard */,
				D3632CAC1E4608A900F31099 /* Assets.xcassets */,
				D3632CAE1E4608A900F31099 /* LaunchScreen.storyboard */,
				D35245471E47ECA10045A905 /* WeekDays.plist */,
				D3632CB91E460BAD00F31099 /* GoogleService-Info.plist */,
				D3632CB11E4608A900F31099 /* Info.plist */,
				D3D4705E1E48841F00665719 /* MedReminder-Bridging-Header.h */,
			);
			path = MedReminder;
			sourceTree = "<group>";
		};
		D3C920D91E469C6D00764435 /* Reminders */ = {
			isa = PBXGroup;
			children = (
				D35245331E46A1CE0045A905 /* ReminderCell.swift */,
				D35245341E46A1CE0045A905 /* ReminderCell.xib */,
				D3632CA51E4608A900F31099 /* RemindersViewController.swift */,
			);
			name = Reminders;
			sourceTree = "<group>";
		};
		D3C920DA1E469C8000764435 /* NewReminder */ = {
			isa = PBXGroup;
			children = (
				D302A6291E465F5D00286564 /* NewReminderViewController.swift */,
				D302A6151E46145D00286564 /* NewReminderManager.swift */,
				D302A6161E46145D00286564 /* NewReminderManagerBridge.m */,
				D3632CBB1E460FB300F31099 /* MedReminderReactModule.swift */,
			);
			name = NewReminder;
			sourceTree = "<group>";
		};
/* End PBXGroup section */

/* Begin PBXNativeTarget section */
		D3632C9F1E4608A900F31099 /* MedReminder */ = {
			isa = PBXNativeTarget;
			buildConfigurationList = D3632CB41E4608A900F31099 /* Build configuration list for PBXNativeTarget "MedReminder" */;
			buildPhases = (
				B33DBD1A4C8B01649A01D242 /* [CP] Check Pods Manifest.lock */,
				D3632C9C1E4608A900F31099 /* Sources */,
				D3632C9D1E4608A900F31099 /* Frameworks */,
				D3632C9E1E4608A900F31099 /* Resources */,
				5D87BA702BEB3CA0E1DEA3F2 /* [CP] Embed Pods Frameworks */,
				B280431EA132E3DED218031C /* [CP] Copy Pods Resources */,
			);
			buildRules = (
			);
			dependencies = (
			);
			name = MedReminder;
			productName = MedReminder;
			productReference = D3632CA01E4608A900F31099 /* MedReminder.app */;
			productType = "com.apple.product-type.application";
		};
/* End PBXNativeTarget section */

/* Begin PBXProject section */
		D3632C981E4608A900F31099 /* Project object */ = {
			isa = PBXProject;
			attributes = {
				LastSwiftUpdateCheck = 0820;
				LastUpgradeCheck = 0820;
				ORGANIZATIONNAME = "Tanya Zhdanova";
				TargetAttributes = {
					D3632C9F1E4608A900F31099 = {
						CreatedOnToolsVersion = 8.2.1;
						DevelopmentTeam = 3E72DJ3C68;
						LastSwiftMigration = 0820;
						ProvisioningStyle = Automatic;
					};
				};
			};
			buildConfigurationList = D3632C9B1E4608A900F31099 /* Build configuration list for PBXProject "MedReminder" */;
			compatibilityVersion = "Xcode 3.2";
			developmentRegion = English;
			hasScannedForEncodings = 0;
			knownRegions = (
				en,
				Base,
			);
			mainGroup = D3632C971E4608A900F31099;
			productRefGroup = D3632CA11E4608A900F31099 /* Products */;
			projectDirPath = "";
			projectRoot = "";
			targets = (
				D3632C9F1E4608A900F31099 /* MedReminder */,
			);
		};
/* End PBXProject section */

/* Begin PBXResourcesBuildPhase section */
		D3632C9E1E4608A900F31099 /* Resources */ = {
			isa = PBXResourcesBuildPhase;
			buildActionMask = 2147483647;
			files = (
				D352454A1E48671C0045A905 /* MedicationCell.xib in Resources */,
				D3632CB01E4608A900F31099 /* LaunchScreen.storyboard in Resources */,
				D3632CBA1E460BAD00F31099 /* GoogleService-Info.plist in Resources */,
				D35245361E46A1CE0045A905 /* ReminderCell.xib in Resources */,
				D3632CAD1E4608A900F31099 /* Assets.xcassets in Resources */,
				D35245481E47ECA10045A905 /* WeekDays.plist in Resources */,
				D3632CAB1E4608A900F31099 /* Main.storyboard in Resources */,
			);
			runOnlyForDeploymentPostprocessing = 0;
		};
/* End PBXResourcesBuildPhase section */

/* Begin PBXShellScriptBuildPhase section */
		5D87BA702BEB3CA0E1DEA3F2 /* [CP] Embed Pods Frameworks */ = {
			isa = PBXShellScriptBuildPhase;
			buildActionMask = 2147483647;
			files = (
			);
			inputPaths = (
			);
			name = "[CP] Embed Pods Frameworks";
			outputPaths = (
			);
			runOnlyForDeploymentPostprocessing = 0;
			shellPath = /bin/sh;
			shellScript = "\"${SRCROOT}/Pods/Target Support Files/Pods-MedReminder/Pods-MedReminder-frameworks.sh\"\n";
			showEnvVarsInLog = 0;
		};
		B280431EA132E3DED218031C /* [CP] Copy Pods Resources */ = {
			isa = PBXShellScriptBuildPhase;
			buildActionMask = 2147483647;
			files = (
			);
			inputPaths = (
			);
			name = "[CP] Copy Pods Resources";
			outputPaths = (
			);
			runOnlyForDeploymentPostprocessing = 0;
			shellPath = /bin/sh;
			shellScript = "\"${SRCROOT}/Pods/Target Support Files/Pods-MedReminder/Pods-MedReminder-resources.sh\"\n";
			showEnvVarsInLog = 0;
		};
		B33DBD1A4C8B01649A01D242 /* [CP] Check Pods Manifest.lock */ = {
			isa = PBXShellScriptBuildPhase;
			buildActionMask = 2147483647;
			files = (
			);
			inputPaths = (
			);
			name = "[CP] Check Pods Manifest.lock";
			outputPaths = (
			);
			runOnlyForDeploymentPostprocessing = 0;
			shellPath = /bin/sh;
			shellScript = "diff \"${PODS_ROOT}/../Podfile.lock\" \"${PODS_ROOT}/Manifest.lock\" > /dev/null\nif [ $? != 0 ] ; then\n    # print error to STDERR\n    echo \"error: The sandbox is not in sync with the Podfile.lock. Run 'pod install' or update your CocoaPods installation.\" >&2\n    exit 1\nfi\n";
			showEnvVarsInLog = 0;
		};
/* End PBXShellScriptBuildPhase section */

/* Begin PBXSourcesBuildPhase section */
		D3632C9C1E4608A900F31099 /* Sources */ = {
			isa = PBXSourcesBuildPhase;
			buildActionMask = 2147483647;
			files = (
				D35245421E47D67A0045A905 /* MedicationCell.swift in Sources */,
				D3632CB81E460A4700F31099 /* LoginViewController.swift in Sources */,
				D3632CA81E4608A900F31099 /* MedicationsViewController.swift in Sources */,
				D352453E1E47520B0045A905 /* Reminder.swift in Sources */,
				D3632CA41E4608A900F31099 /* AppDelegate.swift in Sources */,
				D302A62A1E465F5D00286564 /* NewReminderViewController.swift in Sources */,
				D35245351E46A1CE0045A905 /* ReminderCell.swift in Sources */,
				D3632CA61E4608A900F31099 /* RemindersViewController.swift in Sources */,
				D302A6181E46145D00286564 /* NewReminderManager.swift in Sources */,
				D35245461E47E8100045A905 /* UIColor.swift in Sources */,
				D302A6191E46145D00286564 /* NewReminderManagerBridge.m in Sources */,
				D3632CBC1E460FB300F31099 /* MedReminderReactModule.swift in Sources */,
				D352453C1E4743910045A905 /* DataService.swift in Sources */,
			);
			runOnlyForDeploymentPostprocessing = 0;
		};
/* End PBXSourcesBuildPhase section */

/* Begin PBXVariantGroup section */
		D3632CA91E4608A900F31099 /* Main.storyboard */ = {
			isa = PBXVariantGroup;
			children = (
				D3632CAA1E4608A900F31099 /* Base */,
			);
			name = Main.storyboard;
			sourceTree = "<group>";
		};
		D3632CAE1E4608A900F31099 /* LaunchScreen.storyboard */ = {
			isa = PBXVariantGroup;
			children = (
				D3632CAF1E4608A900F31099 /* Base */,
			);
			name = LaunchScreen.storyboard;
			sourceTree = "<group>";
		};
/* End PBXVariantGroup section */

/* Begin XCBuildConfiguration section */
		D3632CB21E4608A900F31099 /* Debug */ = {
			isa = XCBuildConfiguration;
			buildSettings = {
				ALWAYS_SEARCH_USER_PATHS = NO;
				CLANG_ANALYZER_NONNULL = YES;
				CLANG_CXX_LANGUAGE_STANDARD = "gnu++0x";
				CLANG_CXX_LIBRARY = "libc++";
				CLANG_ENABLE_MODULES = YES;
				CLANG_ENABLE_OBJC_ARC = YES;
				CLANG_WARN_BOOL_CONVERSION = YES;
				CLANG_WARN_CONSTANT_CONVERSION = YES;
				CLANG_WARN_DIRECT_OBJC_ISA_USAGE = YES_ERROR;
				CLANG_WARN_DOCUMENTATION_COMMENTS = YES;
				CLANG_WARN_EMPTY_BODY = YES;
				CLANG_WARN_ENUM_CONVERSION = YES;
				CLANG_WARN_INFINITE_RECURSION = YES;
				CLANG_WARN_INT_CONVERSION = YES;
				CLANG_WARN_OBJC_ROOT_CLASS = YES_ERROR;
				CLANG_WARN_SUSPICIOUS_MOVE = YES;
				CLANG_WARN_UNREACHABLE_CODE = YES;
				CLANG_WARN__DUPLICATE_METHOD_MATCH = YES;
				"CODE_SIGN_IDENTITY[sdk=iphoneos*]" = "iPhone Developer";
				COPY_PHASE_STRIP = NO;
				DEBUG_INFORMATION_FORMAT = dwarf;
				ENABLE_STRICT_OBJC_MSGSEND = YES;
				ENABLE_TESTABILITY = YES;
				GCC_C_LANGUAGE_STANDARD = gnu99;
				GCC_DYNAMIC_NO_PIC = NO;
				GCC_NO_COMMON_BLOCKS = YES;
				GCC_OPTIMIZATION_LEVEL = 0;
				GCC_PREPROCESSOR_DEFINITIONS = (
					"DEBUG=1",
					"$(inherited)",
				);
				GCC_WARN_64_TO_32_BIT_CONVERSION = YES;
				GCC_WARN_ABOUT_RETURN_TYPE = YES_ERROR;
				GCC_WARN_UNDECLARED_SELECTOR = YES;
				GCC_WARN_UNINITIALIZED_AUTOS = YES_AGGRESSIVE;
				GCC_WARN_UNUSED_FUNCTION = YES;
				GCC_WARN_UNUSED_VARIABLE = YES;
				IPHONEOS_DEPLOYMENT_TARGET = 10.2;
				MTL_ENABLE_DEBUG_INFO = YES;
				ONLY_ACTIVE_ARCH = YES;
				SDKROOT = iphoneos;
				SWIFT_ACTIVE_COMPILATION_CONDITIONS = DEBUG;
				SWIFT_OPTIMIZATION_LEVEL = "-Onone";
			};
			name = Debug;
		};
		D3632CB31E4608A900F31099 /* Release */ = {
			isa = XCBuildConfiguration;
			buildSettings = {
				ALWAYS_SEARCH_USER_PATHS = NO;
				CLANG_ANALYZER_NONNULL = YES;
				CLANG_CXX_LANGUAGE_STANDARD = "gnu++0x";
				CLANG_CXX_LIBRARY = "libc++";
				CLANG_ENABLE_MODULES = YES;
				CLANG_ENABLE_OBJC_ARC = YES;
				CLANG_WARN_BOOL_CONVERSION = YES;
				CLANG_WARN_CONSTANT_CONVERSION = YES;
				CLANG_WARN_DIRECT_OBJC_ISA_USAGE = YES_ERROR;
				CLANG_WARN_DOCUMENTATION_COMMENTS = YES;
				CLANG_WARN_EMPTY_BODY = YES;
				CLANG_WARN_ENUM_CONVERSION = YES;
				CLANG_WARN_INFINITE_RECURSION = YES;
				CLANG_WARN_INT_CONVERSION = YES;
				CLANG_WARN_OBJC_ROOT_CLASS = YES_ERROR;
				CLANG_WARN_SUSPICIOUS_MOVE = YES;
				CLANG_WARN_UNREACHABLE_CODE = YES;
				CLANG_WARN__DUPLICATE_METHOD_MATCH = YES;
				"CODE_SIGN_IDENTITY[sdk=iphoneos*]" = "iPhone Developer";
				COPY_PHASE_STRIP = NO;
				DEBUG_INFORMATION_FORMAT = "dwarf-with-dsym";
				ENABLE_NS_ASSERTIONS = NO;
				ENABLE_STRICT_OBJC_MSGSEND = YES;
				GCC_C_LANGUAGE_STANDARD = gnu99;
				GCC_NO_COMMON_BLOCKS = YES;
				GCC_WARN_64_TO_32_BIT_CONVERSION = YES;
				GCC_WARN_ABOUT_RETURN_TYPE = YES_ERROR;
				GCC_WARN_UNDECLARED_SELECTOR = YES;
				GCC_WARN_UNINITIALIZED_AUTOS = YES_AGGRESSIVE;
				GCC_WARN_UNUSED_FUNCTION = YES;
				GCC_WARN_UNUSED_VARIABLE = YES;
				IPHONEOS_DEPLOYMENT_TARGET = 10.2;
				MTL_ENABLE_DEBUG_INFO = NO;
				SDKROOT = iphoneos;
				SWIFT_OPTIMIZATION_LEVEL = "-Owholemodule";
				VALIDATE_PRODUCT = YES;
			};
			name = Release;
		};
		D3632CB51E4608A900F31099 /* Debug */ = {
			isa = XCBuildConfiguration;
			baseConfigurationReference = 8484209F3A54F77ECBB467D6 /* Pods-MedReminder.debug.xcconfig */;
			buildSettings = {
				ASSETCATALOG_COMPILER_APPICON_NAME = AppIcon;
				CLANG_ENABLE_MODULES = YES;
				"CODE_SIGN_IDENTITY[sdk=iphoneos*]" = "iPhone Developer";
				DEVELOPMENT_TEAM = 3E72DJ3C68;
				FRAMEWORK_SEARCH_PATHS = (
					"$(inherited)",
					"\"$PODS_CONFIGURATION_BUILD_DIR/Bolts\"",
					"\"$PODS_CONFIGURATION_BUILD_DIR/FBSDKCoreKit\"",
					"\"$PODS_CONFIGURATION_BUILD_DIR/FBSDKLoginKit\"",
					"\"$PODS_CONFIGURATION_BUILD_DIR/FBSDKShareKit\"",
					"\"$PODS_CONFIGURATION_BUILD_DIR/GTMSessionFetcher\"",
					"\"$PODS_CONFIGURATION_BUILD_DIR/GoogleToolboxForMac\"",
					"\"$PODS_CONFIGURATION_BUILD_DIR/React\"",
					"\"${PODS_ROOT}/FirebaseAnalytics/Frameworks/frameworks\"",
					"\"${PODS_ROOT}/FirebaseAuth/Frameworks/frameworks\"",
					"\"${PODS_ROOT}/FirebaseCore/Frameworks\"",
					"\"${PODS_ROOT}/FirebaseDatabase/Frameworks\"",
					"\"${PODS_ROOT}/FirebaseInstanceID/Frameworks/frameworks\"",
					"\"${PODS_ROOT}/GoogleInterchangeUtilities/Frameworks/frameworks\"",
					"\"${PODS_ROOT}/GoogleSymbolUtilities/Frameworks/frameworks\"",
					"\"$(SRCROOT)/../node_modules/react-native/Libraries/PushNotificationIOS\"/**",
				);
				HEADER_SEARCH_PATHS = (
					"$(inherited)",
					"${PODS_ROOT}/Firebase/Core/Sources",
					"\"${PODS_ROOT}/Headers/Public\"",
					"\"${PODS_ROOT}/Headers/Public/Firebase\"",
					"\"${PODS_ROOT}/Headers/Public/FirebaseAnalytics\"",
					"\"${PODS_ROOT}/Headers/Public/FirebaseAuth\"",
					"\"${PODS_ROOT}/Headers/Public/FirebaseCore\"",
					"\"${PODS_ROOT}/Headers/Public/FirebaseInstanceID\"",
					"\"${PODS_ROOT}/Headers/Public/GoogleInterchangeUtilities\"",
					"\"${PODS_ROOT}/Headers/Public/GoogleSymbolUtilities\"",
					"\"$(SRCROOT)/../node_modules/react-native-tableview\"/**",
					"\"$(SRCROOT)/../node_modules/react-native/Libraries/PushNotificationIOS\"/**",
				);
				INFOPLIST_FILE = MedReminder/Info.plist;
				IPHONEOS_DEPLOYMENT_TARGET = 10.0;
				LD_RUNPATH_SEARCH_PATHS = "$(inherited) @executable_path/Frameworks";
				PRODUCT_BUNDLE_IDENTIFIER = com.tatyanaZhdanova.MedReminder;
				PRODUCT_NAME = "$(TARGET_NAME)";
				SWIFT_OBJC_BRIDGING_HEADER = "$(PROJECT_DIR)/MedReminder/MedReminder-Bridging-Header.h";
				SWIFT_OPTIMIZATION_LEVEL = "-Onone";
				SWIFT_VERSION = 3.0;
			};
			name = Debug;
		};
		D3632CB61E4608A900F31099 /* Release */ = {
			isa = XCBuildConfiguration;
			baseConfigurationReference = 8F6674A1F0E905D0ECDA1F8E /* Pods-MedReminder.release.xcconfig */;
			buildSettings = {
				ASSETCATALOG_COMPILER_APPICON_NAME = AppIcon;
				CLANG_ENABLE_MODULES = YES;
				"CODE_SIGN_IDENTITY[sdk=iphoneos*]" = "iPhone Developer";
				DEVELOPMENT_TEAM = 3E72DJ3C68;
				FRAMEWORK_SEARCH_PATHS = (
					"$(inherited)",
					"\"$PODS_CONFIGURATION_BUILD_DIR/Bolts\"",
					"\"$PODS_CONFIGURATION_BUILD_DIR/FBSDKCoreKit\"",
					"\"$PODS_CONFIGURATION_BUILD_DIR/FBSDKLoginKit\"",
					"\"$PODS_CONFIGURATION_BUILD_DIR/FBSDKShareKit\"",
					"\"$PODS_CONFIGURATION_BUILD_DIR/GTMSessionFetcher\"",
					"\"$PODS_CONFIGURATION_BUILD_DIR/GoogleToolboxForMac\"",
					"\"$PODS_CONFIGURATION_BUILD_DIR/React\"",
					"\"${PODS_ROOT}/FirebaseAnalytics/Frameworks/frameworks\"",
					"\"${PODS_ROOT}/FirebaseAuth/Frameworks/frameworks\"",
					"\"${PODS_ROOT}/FirebaseCore/Frameworks\"",
					"\"${PODS_ROOT}/FirebaseDatabase/Frameworks\"",
					"\"${PODS_ROOT}/FirebaseInstanceID/Frameworks/frameworks\"",
					"\"${PODS_ROOT}/GoogleInterchangeUtilities/Frameworks/frameworks\"",
					"\"${PODS_ROOT}/GoogleSymbolUtilities/Frameworks/frameworks\"",
					"\"$(SRCROOT)/../node_modules/react-native/Libraries/PushNotificationIOS\"/**",
				);
				HEADER_SEARCH_PATHS = (
					"$(inherited)",
					"${PODS_ROOT}/Firebase/Core/Sources",
					"\"${PODS_ROOT}/Headers/Public\"",
					"\"${PODS_ROOT}/Headers/Public/Firebase\"",
					"\"${PODS_ROOT}/Headers/Public/FirebaseAnalytics\"",
					"\"${PODS_ROOT}/Headers/Public/FirebaseAuth\"",
					"\"${PODS_ROOT}/Headers/Public/FirebaseCore\"",
					"\"${PODS_ROOT}/Headers/Public/FirebaseInstanceID\"",
					"\"${PODS_ROOT}/Headers/Public/GoogleInterchangeUtilities\"",
					"\"${PODS_ROOT}/Headers/Public/GoogleSymbolUtilities\"",
					"\"$(SRCROOT)/../node_modules/react-native-tableview\"/**",
					"\"$(SRCROOT)/../node_modules/react-native/Libraries/PushNotificationIOS\"/**",
				);
				INFOPLIST_FILE = MedReminder/Info.plist;
				IPHONEOS_DEPLOYMENT_TARGET = 10.0;
				LD_RUNPATH_SEARCH_PATHS = "$(inherited) @executable_path/Frameworks";
				PRODUCT_BUNDLE_IDENTIFIER = com.tatyanaZhdanova.MedReminder;
				PRODUCT_NAME = "$(TARGET_NAME)";
				SWIFT_OBJC_BRIDGING_HEADER = "$(PROJECT_DIR)/MedReminder/MedReminder-Bridging-Header.h";
				SWIFT_VERSION = 3.0;
			};
			name = Release;
		};
/* End XCBuildConfiguration section */

/* Begin XCConfigurationList section */
		D3632C9B1E4608A900F31099 /* Build configuration list for PBXProject "MedReminder" */ = {
			isa = XCConfigurationList;
			buildConfigurations = (
				D3632CB21E4608A900F31099 /* Debug */,
				D3632CB31E4608A900F31099 /* Release */,
			);
			defaultConfigurationIsVisible = 0;
			defaultConfigurationName = Release;
		};
		D3632CB41E4608A900F31099 /* Build configuration list for PBXNativeTarget "MedReminder" */ = {
			isa = XCConfigurationList;
			buildConfigurations = (
				D3632CB51E4608A900F31099 /* Debug */,
				D3632CB61E4608A900F31099 /* Release */,
			);
			defaultConfigurationIsVisible = 0;
			defaultConfigurationName = Release;
		};
/* End XCConfigurationList section */
	};
	rootObject = D3632C981E4608A900F31099 /* Project object */;
}
